
Microsoft Visual Studio Solution File, Format Version 12.00
# Visual Studio Version 17
VisualStudioVersion = 17.14.36301.6 d17.14
MinimumVisualStudioVersion = 10.0.40219.1
Project("{FAE04EC0-301F-11D3-BF4B-00C04F79EFBC}") = "JobPortalBackend", "JobPortalBackend.csproj", "{AF4F6532-76E6-4554-9BF6-D009BCD853DD}"
EndProject
Global
	GlobalSection(SolutionConfigurationPlatforms) = preSolution
		Debug|Any CPU = Debug|Any CPU
		Release|Any CPU = Release|Any CPU
	EndGlobalSection
	GlobalSection(ProjectConfigurationPlatforms) = postSolution
		{AF4F6532-76E6-4554-9BF6-D009BCD853DD}.Debug|Any CPU.ActiveCfg = Debug|Any CPU
		{AF4F6532-76E6-4554-9BF6-D009BCD853DD}.Debug|Any CPU.Build.0 = Debug|Any CPU
		{AF4F6532-76E6-4554-9BF6-D009BCD853DD}.Release|Any CPU.ActiveCfg = Release|Any CPU
		{AF4F6532-76E6-4554-9BF6-D009BCD853DD}.Release|Any CPU.Build.0 = Release|Any CPU
	EndGlobalSection
	GlobalSection(SolutionProperties) = preSolution
		HideSolutionNode = FALSE
	EndGlobalSection
	GlobalSection(ExtensibilityGlobals) = postSolution
		SolutionGuid = {84D9878B-6F1F-465E-A48A-90BC4E334359}
	EndGlobalSection
EndGlobal
